// !$*UTF8*$!
{
	archiveVersion = 1;
	classes = {
	};
	objectVersion = 50;
	objects = {

/* Begin PBXBuildFile section */
		205727E3271DF864004A1C50 /* AppDelegate.swift in Sources */ = {isa = PBXBuildFile; fileRef = 205727E2271DF864004A1C50 /* AppDelegate.swift */; };
		205727E5271DF864004A1C50 /* SceneDelegate.swift in Sources */ = {isa = PBXBuildFile; fileRef = 205727E4271DF864004A1C50 /* SceneDelegate.swift */; };
		205727E7271DF864004A1C50 /* ViewController.swift in Sources */ = {isa = PBXBuildFile; fileRef = 205727E6271DF864004A1C50 /* ViewController.swift */; };
		205727EA271DF864004A1C50 /* Main.storyboard in Resources */ = {isa = PBXBuildFile; fileRef = 205727E8271DF864004A1C50 /* Main.storyboard */; };
		205727EC271DF867004A1C50 /* Assets.xcassets in Resources */ = {isa = PBXBuildFile; fileRef = 205727EB271DF867004A1C50 /* Assets.xcassets */; };
		205727EF271DF867004A1C50 /* LaunchScreen.storyboard in Resources */ = {isa = PBXBuildFile; fileRef = 205727ED271DF867004A1C50 /* LaunchScreen.storyboard */; };
		AA013C65A9BC15007DF8B826 /* Pods_Currency_Exchange_App.framework in Frameworks */ = {isa = PBXBuildFile; fileRef = 0B4B0590545FF918E2221573 /* Pods_Currency_Exchange_App.framework */; };
/* End PBXBuildFile section */

/* Begin PBXFileReference section */
		0B4B0590545FF918E2221573 /* Pods_Currency_Exchange_App.framework */ = {isa = PBXFileReference; explicitFileType = wrapper.framework; includeInIndex = 0; path = Pods_Currency_Exchange_App.framework; sourceTree = BUILT_PRODUCTS_DIR; };
		205727DF271DF864004A1C50 /* Currency Exchange App.app */ = {isa = PBXFileReference; explicitFileType = wrapper.application; includeInIndex = 0; path = "Currency Exchange App.app"; sourceTree = BUILT_PRODUCTS_DIR; };
		205727E2271DF864004A1C50 /* AppDelegate.swift */ = {isa = PBXFileReference; lastKnownFileType = sourcecode.swift; path = AppDelegate.swift; sourceTree = "<group>"; };
		205727E4271DF864004A1C50 /* SceneDelegate.swift */ = {isa = PBXFileReference; lastKnownFileType = sourcecode.swift; path = SceneDelegate.swift; sourceTree = "<group>"; };
		205727E6271DF864004A1C50 /* ViewController.swift */ = {isa = PBXFileReference; lastKnownFileType = sourcecode.swift; path = ViewController.swift; sourceTree = "<group>"; };
		205727E9271DF864004A1C50 /* Base */ = {isa = PBXFileReference; lastKnownFileType = file.storyboard; name = Base; path = Base.lproj/Main.storyboard; sourceTree = "<group>"; };
		205727EB271DF867004A1C50 /* Assets.xcassets */ = {isa = PBXFileReference; lastKnownFileType = folder.assetcatalog; path = Assets.xcassets; sourceTree = "<group>"; };
		205727EE271DF867004A1C50 /* Base */ = {isa = PBXFileReference; lastKnownFileType = file.storyboard; name = Base; path = Base.lproj/LaunchScreen.storyboard; sourceTree = "<group>"; };
		205727F0271DF867004A1C50 /* Info.plist */ = {isa = PBXFileReference; lastKnownFileType = text.plist.xml; path = Info.plist; sourceTree = "<group>"; };
		A27948F40B9CA01194A15170 /* Pods-Currency Exchange App.debug.xcconfig */ = {isa = PBXFileReference; includeInIndex = 1; lastKnownFileType = text.xcconfig; name = "Pods-Currency Exchange App.debug.xcconfig"; path = "Target Support Files/Pods-Currency Exchange App/Pods-Currency Exchange App.debug.xcconfig"; sourceTree = "<group>"; };
		ADE150523130EE466FF71515 /* Pods-Currency Exchange App.release.xcconfig */ = {isa = PBXFileReference; includeInIndex = 1; lastKnownFileType = text.xcconfig; name = "Pods-Currency Exchange App.release.xcconfig"; path = "Target Support Files/Pods-Currency Exchange App/Pods-Currency Exchange App.release.xcconfig"; sourceTree = "<group>"; };
/* End PBXFileReference section */

/* Begin PBXFrameworksBuildPhase section */
		205727DC271DF864004A1C50 /* Frameworks */ = {
			isa = PBXFrameworksBuildPhase;
			buildActionMask = 2147483647;
			files = (
				AA013C65A9BC15007DF8B826 /* Pods_Currency_Exchange_App.framework in Frameworks */,
			);
			runOnlyForDeploymentPostprocessing = 0;
		};
/* End PBXFrameworksBuildPhase section */

/* Begin PBXGroup section */
		205727D6271DF864004A1C50 = {
			isa = PBXGroup;
			children = (
				205727E1271DF864004A1C50 /* Currency Exchange App */,
				205727E0271DF864004A1C50 /* Products */,
				FC3D91A7A04A3FAB0135EDE9 /* Pods */,
				DDC03693C5E7EF60BA6D8CAB /* Frameworks */,
			);
			sourceTree = "<group>";
		};
		205727E0271DF864004A1C50 /* Products */ = {
			isa = PBXGroup;
			children = (
				205727DF271DF864004A1C50 /* Currency Exchange App.app */,
			);
			name = Products;
			sourceTree = "<group>";
		};
		205727E1271DF864004A1C50 /* Currency Exchange App */ = {
			isa = PBXGroup;
			children = (
				205727E2271DF864004A1C50 /* AppDelegate.swift */,
				205727E4271DF864004A1C50 /* SceneDelegate.swift */,
				205727E6271DF864004A1C50 /* ViewController.swift */,
				205727E8271DF864004A1C50 /* Main.storyboard */,
				205727EB271DF867004A1C50 /* Assets.xcassets */,
				205727ED271DF867004A1C50 /* LaunchScreen.storyboard */,
				205727F0271DF867004A1C50 /* Info.plist */,
			);
			path = "Currency Exchange App";
			sourceTree = "<group>";
		};
		DDC03693C5E7EF60BA6D8CAB /* Frameworks */ = {
			isa = PBXGroup;
			children = (
				0B4B0590545FF918E2221573 /* Pods_Currency_Exchange_App.framework */,
			);
			name = Frameworks;
			sourceTree = "<group>";
		};
		FC3D91A7A04A3FAB0135EDE9 /* Pods */ = {
			isa = PBXGroup;
			children = (
				A27948F40B9CA01194A15170 /* Pods-Currency Exchange App.debug.xcconfig */,
				ADE150523130EE466FF71515 /* Pods-Currency Exchange App.release.xcconfig */,
			);
			name = Pods;
			path = Pods;
			sourceTree = "<group>";
		};
/* End PBXGroup section */

/* Begin PBXNativeTarget section */
		205727DE271DF864004A1C50 /* Currency Exchange App */ = {
			isa = PBXNativeTarget;
			buildConfigurationList = 205727F3271DF867004A1C50 /* Build configuration list for PBXNativeTarget "Currency Exchange App" */;
			buildPhases = (
				56FECD9074BC11A3ABD521BC /* [CP] Check Pods Manifest.lock */,
				205727DB271DF864004A1C50 /* Sources */,
				205727DC271DF864004A1C50 /* Frameworks */,
				205727DD271DF864004A1C50 /* Resources */,
				027C7F44515905FCF57657FD /* [CP] Embed Pods Frameworks */,
			);
			buildRules = (
			);
			dependencies = (
			);
			name = "Currency Exchange App";
			productName = "Currency Exchange App";
			productReference = 205727DF271DF864004A1C50 /* Currency Exchange App.app */;
			productType = "com.apple.product-type.application";
		};
/* End PBXNativeTarget section */

/* Begin PBXProject section */
		205727D7271DF864004A1C50 /* Project object */ = {
			isa = PBXProject;
			attributes = {
				LastSwiftUpdateCheck = 1250;
				LastUpgradeCheck = 1250;
				TargetAttributes = {
					205727DE271DF864004A1C50 = {
						CreatedOnToolsVersion = 12.5.1;
					};
				};
			};
			buildConfigurationList = 205727DA271DF864004A1C50 /* Build configuration list for PBXProject "Currency Exchange App" */;
			compatibilityVersion = "Xcode 9.3";
			developmentRegion = en;
			hasScannedForEncodings = 0;
			knownRegions = (
				en,
				Base,
			);
			mainGroup = 205727D6271DF864004A1C50;
			productRefGroup = 205727E0271DF864004A1C50 /* Products */;
			projectDirPath = "";
			projectRoot = "";
			targets = (
				205727DE271DF864004A1C50 /* Currency Exchange App */,
			);
		};
/* End PBXProject section */

/* Begin PBXResourcesBuildPhase section */
		205727DD271DF864004A1C50 /* Resources */ = {
			isa = PBXResourcesBuildPhase;
			buildActionMask = 2147483647;
			files = (
				205727EF271DF867004A1C50 /* LaunchScreen.storyboard in Resources */,
				205727EC271DF867004A1C50 /* Assets.xcassets in Resources */,
				205727EA271DF864004A1C50 /* Main.storyboard in Resources */,
			);
			runOnlyForDeploymentPostprocessing = 0;
		};
/* End PBXResourcesBuildPhase section */

/* Begin PBXShellScriptBuildPhase section */
		027C7F44515905FCF57657FD /* [CP] Embed Pods Frameworks */ = {
			isa = PBXShellScriptBuildPhase;
			buildActionMask = 2147483647;
			files = (
			);
			inputFileListPaths = (
				"${PODS_ROOT}/Target Support Files/Pods-Currency Exchange App/Pods-Currency Exchange App-frameworks-${CONFIGURATION}-input-files.xcfilelist",
			);
			name = "[CP] Embed Pods Frameworks";
			outputFileListPaths = (
				"${PODS_ROOT}/Target Support Files/Pods-Currency Exchange App/Pods-Currency Exchange App-frameworks-${CONFIGURATION}-output-files.xcfilelist",
			);
			runOnlyForDeploymentPostprocessing = 0;
			shellPath = /bin/sh;
			shellScript = "\"${PODS_ROOT}/Target Support Files/Pods-Currency Exchange App/Pods-Currency Exchange App-frameworks.sh\"\n";
			showEnvVarsInLog = 0;
		};
		56FECD9074BC11A3ABD521BC /* [CP] Check Pods Manifest.lock */ = {
			isa = PBXShellScriptBuildPhase;
			buildActionMask = 2147483647;
			files = (
			);
			inputFileListPaths = (
			);
			inputPaths = (
				"${PODS_PODFILE_DIR_PATH}/Podfile.lock",
				"${PODS_ROOT}/Manifest.lock",
			);
			name = "[CP] Check Pods Manifest.lock";
			outputFileListPaths = (
			);
			outputPaths = (
				"$(DERIVED_FILE_DIR)/Pods-Currency Exchange App-checkManifestLockResult.txt",
			);
			runOnlyForDeploymentPostprocessing = 0;
			shellPath = /bin/sh;
			shellScript = "diff \"${PODS_PODFILE_DIR_PATH}/Podfile.lock\" \"${PODS_ROOT}/Manifest.lock\" > /dev/null\nif [ $? != 0 ] ; then\n    # print error to STDERR\n    echo \"error: The sandbox is not in sync with the Podfile.lock. Run 'pod install' or update your CocoaPods installation.\" >&2\n    exit 1\nfi\n# This output is used by Xcode 'outputs' to avoid re-running this script phase.\necho \"SUCCESS\" > \"${SCRIPT_OUTPUT_FILE_0}\"\n";
			showEnvVarsInLog = 0;
		};
/* End PBXShellScriptBuildPhase section */

/* Begin PBXSourcesBuildPhase section */
		205727DB271DF864004A1C50 /* Sources */ = {
			isa = PBXSourcesBuildPhase;
			buildActionMask = 2147483647;
			files = (
				205727E7271DF864004A1C50 /* ViewController.swift in Sources */,
				205727E3271DF864004A1C50 /* AppDelegate.swift in Sources */,
				205727E5271DF864004A1C50 /* SceneDelegate.swift in Sources */,
			);
			runOnlyForDeploymentPostprocessing = 0;
		};
/* End PBXSourcesBuildPhase section */

/* Begin PBXVariantGroup section */
		205727E8271DF864004A1C50 /* Main.storyboard */ = {
			isa = PBXVariantGroup;
			children = (
				205727E9271DF864004A1C50 /* Base */,
			);
			name = Main.storyboard;
			sourceTree = "<group>";
		};
		205727ED271DF867004A1C50 /* LaunchScreen.storyboard */ = {
			isa = PBXVariantGroup;
			children = (
				205727EE271DF867004A1C50 /* Base */,
			);
			name = LaunchScreen.storyboard;
			sourceTree = "<group>";
		};
/* End PBXVariantGroup section */

/* Begin XCBuildConfiguration section */
		205727F1271DF867004A1C50 /* Debug */ = {
			isa = XCBuildConfiguration;
			buildSettings = {
				ALWAYS_SEARCH_USER_PATHS = NO;
				CLANG_ANALYZER_NONNULL = YES;
				CLANG_ANALYZER_NUMBER_OBJECT_CONVERSION = YES_AGGRESSIVE;
				CLANG_CXX_LANGUAGE_STANDARD = "gnu++14";
				CLANG_CXX_LIBRARY = "libc++";
				CLANG_ENABLE_MODULES = YES;
				CLANG_ENABLE_OBJC_ARC = YES;
				CLANG_ENABLE_OBJC_WEAK = YES;
				CLANG_WARN_BLOCK_CAPTURE_AUTORELEASING = YES;
				CLANG_WARN_BOOL_CONVERSION = YES;
				CLANG_WARN_COMMA = YES;
				CLANG_WARN_CONSTANT_CONVERSION = YES;
				CLANG_WARN_DEPRECATED_OBJC_IMPLEMENTATIONS = YES;
				CLANG_WARN_DIRECT_OBJC_ISA_USAGE = YES_ERROR;
				CLANG_WARN_DOCUMENTATION_COMMENTS = YES;
				CLANG_WARN_EMPTY_BODY = YES;
				CLANG_WARN_ENUM_CONVERSION = YES;
				CLANG_WARN_INFINITE_RECURSION = YES;
				CLANG_WARN_INT_CONVERSION = YES;
				CLANG_WARN_NON_LITERAL_NULL_CONVERSION = YES;
				CLANG_WARN_OBJC_IMPLICIT_RETAIN_SELF = YES;
				CLANG_WARN_OBJC_LITERAL_CONVERSION = YES;
				CLANG_WARN_OBJC_ROOT_CLASS = YES_ERROR;
				CLANG_WARN_QUOTED_INCLUDE_IN_FRAMEWORK_HEADER = YES;
				CLANG_WARN_RANGE_LOOP_ANALYSIS = YES;
				CLANG_WARN_STRICT_PROTOTYPES = YES;
				CLANG_WARN_SUSPICIOUS_MOVE = YES;
				CLANG_WARN_UNGUARDED_AVAILABILITY = YES_AGGRESSIVE;
				CLANG_WARN_UNREACHABLE_CODE = YES;
				CLANG_WARN__DUPLICATE_METHOD_MATCH = YES;
				COPY_PHASE_STRIP = NO;
				DEBUG_INFORMATION_FORMAT = dwarf;
				ENABLE_STRICT_OBJC_MSGSEND = YES;
				ENABLE_TESTABILITY = YES;
				GCC_C_LANGUAGE_STANDARD = gnu11;
				GCC_DYNAMIC_NO_PIC = NO;
				GCC_NO_COMMON_BLOCKS = YES;
				GCC_OPTIMIZATION_LEVEL = 0;
				GCC_PREPROCESSOR_DEFINITIONS = (
					"DEBUG=1",
					"$(inherited)",
				);
				GCC_WARN_64_TO_32_BIT_CONVERSION = YES;
				GCC_WARN_ABOUT_RETURN_TYPE = YES_ERROR;
				GCC_WARN_UNDECLARED_SELECTOR = YES;
				GCC_WARN_UNINITIALIZED_AUTOS = YES_AGGRESSIVE;
				GCC_WARN_UNUSED_FUNCTION = YES;
				GCC_WARN_UNUSED_VARIABLE = YES;
				IPHONEOS_DEPLOYMENT_TARGET = 14.5;
				MTL_ENABLE_DEBUG_INFO = INCLUDE_SOURCE;
				MTL_FAST_MATH = YES;
				ONLY_ACTIVE_ARCH = YES;
				SDKROOT = iphoneos;
				SWIFT_ACTIVE_COMPILATION_CONDITIONS = DEBUG;
				SWIFT_OPTIMIZATION_LEVEL = "-Onone";
			};
			name = Debug;
		};
		205727F2271DF867004A1C50 /* Release */ = {
			isa = XCBuildConfiguration;
			buildSettings = {
				ALWAYS_SEARCH_USER_PATHS = NO;
				CLANG_ANALYZER_NONNULL = YES;
				CLANG_ANALYZER_NUMBER_OBJECT_CONVERSION = YES_AGGRESSIVE;
				CLANG_CXX_LANGUAGE_STANDARD = "gnu++14";
				CLANG_CXX_LIBRARY = "libc++";
				CLANG_ENABLE_MODULES = YES;
				CLANG_ENABLE_OBJC_ARC = YES;
				CLANG_ENABLE_OBJC_WEAK = YES;
				CLANG_WARN_BLOCK_CAPTURE_AUTORELEASING = YES;
				CLANG_WARN_BOOL_CONVERSION = YES;
				CLANG_WARN_COMMA = YES;
				CLANG_WARN_CONSTANT_CONVERSION = YES;
				CLANG_WARN_DEPRECATED_OBJC_IMPLEMENTATIONS = YES;
				CLANG_WARN_DIRECT_OBJC_ISA_USAGE = YES_ERROR;
				CLANG_WARN_DOCUMENTATION_COMMENTS = YES;
				CLANG_WARN_EMPTY_BODY = YES;
				CLANG_WARN_ENUM_CONVERSION = YES;
				CLANG_WARN_INFINITE_RECURSION = YES;
				CLANG_WARN_INT_CONVERSION = YES;
				CLANG_WARN_NON_LITERAL_NULL_CONVERSION = YES;
				CLANG_WARN_OBJC_IMPLICIT_RETAIN_SELF = YES;
				CLANG_WARN_OBJC_LITERAL_CONVERSION = YES;
				CLANG_WARN_OBJC_ROOT_CLASS = YES_ERROR;
				CLANG_WARN_QUOTED_INCLUDE_IN_FRAMEWORK_HEADER = YES;
				CLANG_WARN_RANGE_LOOP_ANALYSIS = YES;
				CLANG_WARN_STRICT_PROTOTYPES = YES;
				CLANG_WARN_SUSPICIOUS_MOVE = YES;
				CLANG_WARN_UNGUARDED_AVAILABILITY = YES_AGGRESSIVE;
				CLANG_WARN_UNREACHABLE_CODE = YES;
				CLANG_WARN__DUPLICATE_METHOD_MATCH = YES;
				COPY_PHASE_STRIP = NO;
				DEBUG_INFORMATION_FORMAT = "dwarf-with-dsym";
				ENABLE_NS_ASSERTIONS = NO;
				ENABLE_STRICT_OBJC_MSGSEND = YES;
				GCC_C_LANGUAGE_STANDARD = gnu11;
				GCC_NO_COMMON_BLOCKS = YES;
				GCC_WARN_64_TO_32_BIT_CONVERSION = YES;
				GCC_WARN_ABOUT_RETURN_TYPE = YES_ERROR;
				GCC_WARN_UNDECLARED_SELECTOR = YES;
				GCC_WARN_UNINITIALIZED_AUTOS = YES_AGGRESSIVE;
				GCC_WARN_UNUSED_FUNCTION = YES;
				GCC_WARN_UNUSED_VARIABLE = YES;
				IPHONEOS_DEPLOYMENT_TARGET = 14.5;
				MTL_ENABLE_DEBUG_INFO = NO;
				MTL_FAST_MATH = YES;
				SDKROOT = iphoneos;
				SWIFT_COMPILATION_MODE = wholemodule;
				SWIFT_OPTIMIZATION_LEVEL = "-O";
				VALIDATE_PRODUCT = YES;
			};
			name = Release;
		};
		205727F4271DF867004A1C50 /* Debug */ = {
			isa = XCBuildConfiguration;
			baseConfigurationReference = A27948F40B9CA01194A15170 /* Pods-Currency Exchange App.debug.xcconfig */;
			buildSettings = {
				ASSETCATALOG_COMPILER_APPICON_NAME = AppIcon;
				ASSETCATALOG_COMPILER_GLOBAL_ACCENT_COLOR_NAME = AccentColor;
				CODE_SIGN_STYLE = Automatic;
				INFOPLIST_FILE = "Currency Exchange App/Info.plist";
				LD_RUNPATH_SEARCH_PATHS = (
					"$(inherited)",
					"@executable_path/Frameworks",
				);
				PRODUCT_BUNDLE_IDENTIFIER = "edu.northeastern.pan.Currency-Exchange-App";
				PRODUCT_NAME = "$(TARGET_NAME)";
				SWIFT_VERSION = 5.0;
				TARGETED_DEVICE_FAMILY = "1,2";
			};
			name = Debug;
		};
		205727F5271DF867004A1C50 /* Release */ = {
			isa = XCBuildConfiguration;
			baseConfigurationReference = ADE150523130EE466FF71515 /* Pods-Currency Exchange App.release.xcconfig */;
			buildSettings = {
				ASSETCATALOG_COMPILER_APPICON_NAME = AppIcon;
				ASSETCATALOG_COMPILER_GLOBAL_ACCENT_COLOR_NAME = AccentColor;
				CODE_SIGN_STYLE = Automatic;
				INFOPLIST_FILE = "Currency Exchange App/Info.plist";
				LD_RUNPATH_SEARCH_PATHS = (
					"$(inherited)",
					"@executable_path/Frameworks",
				);
				PRODUCT_BUNDLE_IDENTIFIER = "edu.northeastern.pan.Currency-Exchange-App";
				PRODUCT_NAME = "$(TARGET_NAME)";
				SWIFT_VERSION = 5.0;
				TARGETED_DEVICE_FAMILY = "1,2";
			};
			name = Release;
		};
/* End XCBuildConfiguration section */

/* Begin XCConfigurationList section */
		205727DA271DF864004A1C50 /* Build configuration list for PBXProject "Currency Exchange App" */ = {
			isa = XCConfigurationList;
			buildConfigurations = (
				205727F1271DF867004A1C50 /* Debug */,
				205727F2271DF867004A1C50 /* Release */,
			);
			defaultConfigurationIsVisible = 0;
			defaultConfigurationName = Release;
		};
		205727F3271DF867004A1C50 /* Build configuration list for PBXNativeTarget "Currency Exchange App" */ = {
			isa = XCConfigurationList;
			buildConfigurations = (
				205727F4271DF867004A1C50 /* Debug */,
				205727F5271DF867004A1C50 /* Release */,
			);
			defaultConfigurationIsVisible = 0;
			defaultConfigurationName = Release;
		};
/* End XCConfigurationList section */
	};
	rootObject = 205727D7271DF864004A1C50 /* Project object */;
}
